
Microsoft Visual Studio Solution File, Format Version 12.00
# Visual Studio 14
VisualStudioVersion = 14.0.23107.0
MinimumVisualStudioVersion = 10.0.40219.1
Project("{FAE04EC0-301F-11D3-BF4B-00C04F79EFBC}") = "Telemachus", "Telemachus\Telemachus.csproj", "{AF7DF6B2-7D88-4399-92FC-E21EC15231DE}"
EndProject
Project("{FAE04EC0-301F-11D3-BF4B-00C04F79EFBC}") = "TelemachusTest", "TelemachusTest\TelemachusTest.csproj", "{CA747DD4-ED3A-44D9-9866-4E0946138676}"
	ProjectSection(ProjectDependencies) = postProject
		{AF7DF6B2-7D88-4399-92FC-E21EC15231DE} = {AF7DF6B2-7D88-4399-92FC-E21EC15231DE}
	EndProjectSection
EndProject
Global
	GlobalSection(SolutionConfigurationPlatforms) = preSolution
		Debug|Any CPU = Debug|Any CPU
		Debug|Mixed Platforms = Debug|Mixed Platforms
		Debug|x86 = Debug|x86
		Release|Any CPU = Release|Any CPU
		Release|Mixed Platforms = Release|Mixed Platforms
		Release|x86 = Release|x86
	EndGlobalSection
	GlobalSection(ProjectConfigurationPlatforms) = postSolution
		{AF7DF6B2-7D88-4399-92FC-E21EC15231DE}.Debug|Any CPU.ActiveCfg = Debug|Any CPU
		{AF7DF6B2-7D88-4399-92FC-E21EC15231DE}.Debug|Any CPU.Build.0 = Debug|Any CPU
		{AF7DF6B2-7D88-4399-92FC-E21EC15231DE}.Debug|Mixed Platforms.ActiveCfg = Release|Any CPU
		{AF7DF6B2-7D88-4399-92FC-E21EC15231DE}.Debug|Mixed Platforms.Build.0 = Release|Any CPU
		{AF7DF6B2-7D88-4399-92FC-E21EC15231DE}.Debug|x86.ActiveCfg = Debug|Any CPU
		{AF7DF6B2-7D88-4399-92FC-E21EC15231DE}.Release|Any CPU.ActiveCfg = Release|Any CPU
		{AF7DF6B2-7D88-4399-92FC-E21EC15231DE}.Release|Any CPU.Build.0 = Release|Any CPU
		{AF7DF6B2-7D88-4399-92FC-E21EC15231DE}.Release|Mixed Platforms.ActiveCfg = Release|Any CPU
		{AF7DF6B2-7D88-4399-92FC-E21EC15231DE}.Release|Mixed Platforms.Build.0 = Release|Any CPU
		{AF7DF6B2-7D88-4399-92FC-E21EC15231DE}.Release|x86.ActiveCfg = Release|Any CPU
		{CA747DD4-ED3A-44D9-9866-4E0946138676}.Debug|Any CPU.ActiveCfg = Debug|Any CPU
		{CA747DD4-ED3A-44D9-9866-4E0946138676}.Debug|Any CPU.Build.0 = Debug|Any CPU
		{CA747DD4-ED3A-44D9-9866-4E0946138676}.Debug|Mixed Platforms.ActiveCfg = Debug|Any CPU
		{CA747DD4-ED3A-44D9-9866-4E0946138676}.Debug|Mixed Platforms.Build.0 = Debug|Any CPU
		{CA747DD4-ED3A-44D9-9866-4E0946138676}.Debug|x86.ActiveCfg = Debug|Any CPU
		{CA747DD4-ED3A-44D9-9866-4E0946138676}.Release|Any CPU.ActiveCfg = Release|Any CPU
		{CA747DD4-ED3A-44D9-9866-4E0946138676}.Release|Any CPU.Build.0 = Release|Any CPU
		{CA747DD4-ED3A-44D9-9866-4E0946138676}.Release|Mixed Platforms.ActiveCfg = Release|Any CPU
		{CA747DD4-ED3A-44D9-9866-4E0946138676}.Release|Mixed Platforms.Build.0 = Release|Any CPU
		{CA747DD4-ED3A-44D9-9866-4E0946138676}.Release|x86.ActiveCfg = Release|Any CPU
	EndGlobalSection
	GlobalSection(SolutionProperties) = preSolution
		HideSolutionNode = FALSE
	EndGlobalSection
EndGlobal
